
Microsoft Visual Studio Solution File, Format Version 12.00
Project("{FAE04EC0-301F-11D3-BF4B-00C04F79EFBC}") = "OdysseySuite", "OdysseySuite\OdysseySuite.csproj", "{5D52A25F-38CD-475C-BA36-4D5EFEF4A0E3}"
EndProject
Project("{2150E333-8FDC-42A3-9474-1A3956D46DE8}") = "KotorTool", "KotorTool", "{3215889F-0A81-4CEA-90B6-C6E3EC3F6B74}"
EndProject
Project("{2150E333-8FDC-42A3-9474-1A3956D46DE8}") = "Global", "Global", "{F758958E-8495-4D31-9972-3DCE37A957F6}"
EndProject
Project("{FAE04EC0-301F-11D3-BF4B-00C04F79EFBC}") = "Kotortool_Legacy", "KotorTool\Kotortool_Legacy\Kotortool_Legacy.csproj", "{77D498AB-B31D-48FB-AEE2-D616E5830739}"
EndProject
Project("{FAE04EC0-301F-11D3-BF4B-00C04F79EFBC}") = "Utility", "Utility\Utility.csproj", "{FC0DA42B-A13B-4006-ADCE-18FE7C23EDFF}"
EndProject
Global
	GlobalSection(SolutionConfigurationPlatforms) = preSolution
		Debug|Any CPU = Debug|Any CPU
		Release|Any CPU = Release|Any CPU
	EndGlobalSection
	GlobalSection(ProjectConfigurationPlatforms) = postSolution
		{5D52A25F-38CD-475C-BA36-4D5EFEF4A0E3}.Debug|Any CPU.ActiveCfg = Debug|Any CPU
		{5D52A25F-38CD-475C-BA36-4D5EFEF4A0E3}.Debug|Any CPU.Build.0 = Debug|Any CPU
		{5D52A25F-38CD-475C-BA36-4D5EFEF4A0E3}.Release|Any CPU.ActiveCfg = Release|Any CPU
		{5D52A25F-38CD-475C-BA36-4D5EFEF4A0E3}.Release|Any CPU.Build.0 = Release|Any CPU
		{77D498AB-B31D-48FB-AEE2-D616E5830739}.Debug|Any CPU.ActiveCfg = Debug|Any CPU
		{77D498AB-B31D-48FB-AEE2-D616E5830739}.Debug|Any CPU.Build.0 = Debug|Any CPU
		{77D498AB-B31D-48FB-AEE2-D616E5830739}.Release|Any CPU.ActiveCfg = Release|Any CPU
		{77D498AB-B31D-48FB-AEE2-D616E5830739}.Release|Any CPU.Build.0 = Release|Any CPU
		{FC0DA42B-A13B-4006-ADCE-18FE7C23EDFF}.Debug|Any CPU.ActiveCfg = Debug|Any CPU
		{FC0DA42B-A13B-4006-ADCE-18FE7C23EDFF}.Debug|Any CPU.Build.0 = Debug|Any CPU
		{FC0DA42B-A13B-4006-ADCE-18FE7C23EDFF}.Release|Any CPU.ActiveCfg = Release|Any CPU
		{FC0DA42B-A13B-4006-ADCE-18FE7C23EDFF}.Release|Any CPU.Build.0 = Release|Any CPU
	EndGlobalSection
	GlobalSection(NestedProjects) = preSolution
		{77D498AB-B31D-48FB-AEE2-D616E5830739} = {3215889F-0A81-4CEA-90B6-C6E3EC3F6B74}
		{FC0DA42B-A13B-4006-ADCE-18FE7C23EDFF} = {F758958E-8495-4D31-9972-3DCE37A957F6}
	EndGlobalSection
EndGlobal
